
Microsoft Visual Studio Solution File, Format Version 12.00
# Visual Studio Version 16
VisualStudioVersion = 16.0.29411.108
MinimumVisualStudioVersion = 10.0.40219.1
Project("{FAE04EC0-301F-11D3-BF4B-00C04F79EFBC}") = "ChangeCalculator", "ChangeCalculator\ChangeCalculator.csproj", "{CFE87BCE-80F9-4279-B8A5-17DF9195CA56}"
EndProject
Global
	GlobalSection(SolutionConfigurationPlatforms) = preSolution
		Debug|Any CPU = Debug|Any CPU
		Release|Any CPU = Release|Any CPU
	EndGlobalSection
	GlobalSection(ProjectConfigurationPlatforms) = postSolution
		{CFE87BCE-80F9-4279-B8A5-17DF9195CA56}.Debug|Any CPU.ActiveCfg = Debug|Any CPU
		{CFE87BCE-80F9-4279-B8A5-17DF9195CA56}.Debug|Any CPU.Build.0 = Debug|Any CPU
		{CFE87BCE-80F9-4279-B8A5-17DF9195CA56}.Release|Any CPU.ActiveCfg = Release|Any CPU
		{CFE87BCE-80F9-4279-B8A5-17DF9195CA56}.Release|Any CPU.Build.0 = Release|Any CPU
	EndGlobalSection
	GlobalSection(SolutionProperties) = preSolution
		HideSolutionNode = FALSE
	EndGlobalSection
	GlobalSection(ExtensibilityGlobals) = postSolution
		SolutionGuid = {A6FDD9EB-59D9-42AD-B505-9B147F8DE2B8}
	EndGlobalSection
EndGlobal
